github.com/brianolson/cbor_go v1.0.0 h1:CurpJr4z5P94x/CtFgM9tf9QEEfUBJSRxR/4jbftw0E=
github.com/brianolson/cbor_go v1.0.0/go.mod h1:oGF4+yGIBUbkxYYGKSJRGIZ4Z91crezxGZAnnslEtT0=
github.com/davecgh/go-spew v1.1.0/go.mod h1:J7Y8YcW2NihsgmVo/mv3lAwl/skON4iLHjSsI+c5H38=
github.com/fossoreslp/go-cbor v0.0.1 h1:SjUlsOsnWJoAVlg3zRYoBtmr09+Yla+h27HkYYjZkrk=
github.com/fossoreslp/go-cbor v0.0.1/go.mod h1:550BdqZmkAfxMbayhxjZ1gPUA37mjCEOOKIIS4sAwII=
github.com/fxamacker/cbor v1.5.1 h1:XjQWBgdmQyqimslUh5r4tUGmoqzHmBFQOImkWGi2awg=
github.com/fxamacker/cbor/v2 v2.2.0 h1:6eXqdDDe588rSYAi1HfZKbx6YYQO4mxQ9eC6xYpU/JQ=
github.com/fxamacker/cbor/v2 v2.2.0/go.mod h1:TA1xS00nchWmaBnEIxPSE5oHLuJBAVvqrtAnWBwBCVo=
github.com/mreiferson/go-ujson v0.0.0-20200614021406-c02629f4935e h1:d62FkSNtPk3+foLRLC43qnUlrMxf6icm/pJYop5nfpQ=
github.com/mreiferson/go-ujson v0.0.0-20200614021406-c02629f4935e/go.mod h1:pRizrH03mzcoHZVa3eK2eoMfq4COW0kGOqapG3/ewkE=
github.com/pmezard/go-difflib v1.0.0/go.mod h1:iKH77koFhYxTK1pcRnkKkqfTogsbg7gZNVY4sRDYZ/4=
github.com/stretchr/objx v0.1.0/go.mod h1:HFkY916IF+rwdDfMAkV7OtwuqBVzrE8GR6GFx+wExME=
github.com/stretchr/testify v1.6.1/go.mod h1:6Fq8oRcR53rry900zMqJjRRixrwX3KX962/h/Wwjteg=
github.com/ugorji/go v1.2.4 h1:cTciPbZ/VSOzCLKclmssnfQ/jyoVyOcJ3aoJyUV1Urc=
github.com/ugorji/go v1.2.4/go.mod h1:EuaSCk8iZMdIspsu6HXH7X2UGKw1ezO4wCfGszGmmo4=
github.com/ugorji/go/codec v1.2.4 h1:C5VurWRRCKjuENsbM6GYVw8W++WVW9rSxoACKIvxzz8=
github.com/ugorji/go/codec v1.2.4/go.mod h1:bWBu1+kIRWcF8uMklKaJrR6fTWQOwAlrIzX22pHwryA=
github.com/valyala/fastjson v1.6.3 h1:tAKFnnwmeMGPbwJ7IwxcTPCNr3uIzoIj3/Fh90ra4xc=
github.com/valyala/fastjson v1.6.3/go.mod h1:CLCAqky6SMuOcxStkYQvblddUtoRxhYMGLrsQns1aXY=
github.com/vmihailenco/msgpack v4.0.4+incompatible h1:dSLoQfGFAo3F6OoNhwUmLwVgaUXK79GlxNBwueZn0xI=
github.com/vmihailenco/msgpack/v5 v5.3.1 h1:0i85a4dsZh8mC//wmyyTEzidDLPQfQAxZIOLtafGbFY=
github.com/vmihailenco/msgpack/v5 v5.3.1/go.mod h1:7xyJ9e+0+9SaZT0Wt1RGleJXzli6Q/V5KbhBonMG9jc=
github.com/vmihailenco/tagparser/v2 v2.0.0 h1:y09buUbR+b5aycVFQs/g70pqKVZNBmxwAhO7/IwNM9g=
github.com/vmihailenco/tagparser/v2 v2.0.0/go.mod h1:Wri+At7QHww0WTrCBeu4J6bNtoV6mEfg5OIWRZA9qds=
github.com/x448/float16 v0.8.4 h1:qLwI1I70+NjRFUR3zs1JPUCgaCXSh3SW62uAKT1mSBM=
github.com/x448/float16 v0.8.4/go.mod h1:14CWIYCyZA/cWjXOioeEpHeN/83MdbZDRQHoFcYsOfg=
gopkg.in/check.v1 v0.0.0-20161208181325-20d25e280405/go.mod h1:Co6ibVJAznAaIkqp8huTwlJQCZ016jof/cbN4VW5Yz0=
gopkg.in/yaml.v3 v3.0.0-20200313102051-9f266ea9e77c/go.mod h1:K4uyk7z7BCEPqu6E+C64Yfv1cQ7kz7rIZviUmN+EgEM=
